github.com/Sirupsen/logrus v0.0.0-20170515105910-5e5dc898656f h1:l5KPkrd6ZQ4mZnlWo4Eoll9mYPR98HXL6KcdShW4uTk=
github.com/Sirupsen/logrus v0.0.0-20170515105910-5e5dc898656f/go.mod h1:rmk17hk6i8ZSAJkSDa7nOxamrG+SP4P0mm+DAvExv4U=
github.com/franela/goblin v0.0.0-20170111051028-2fa789fd0c6b h1:pFXMOmYgv60RqCPRU9v+jprPw88/oor7dQDykOfi17A=
github.com/franela/goblin v0.0.0-20170111051028-2fa789fd0c6b/go.mod h1:7dvUGVsVBjqR7JHJk0brhHOZYGmfBYOrK0ZhYMEtBr4=
github.com/gin-gonic/gin v0.0.0-20170428105923-d5b353c5d5a5 h1:xCMdPLWR2tNEwSVd+gT5pBxJBprNRT/TmbsUjEiz2ec=
github.com/gin-gonic/gin v0.0.0-20170428105923-d5b353c5d5a5/go.mod h1:7cKuhb5qV2ggCFctp2fJQ+ErvciLZrIeoOSOm6mUr7Y=
github.com/golang/protobuf v0.0.0-20170512171634-fec3b39b059c h1:JKOLxSLQVpohOVQ7nbQ7JdkSrDQEVVNCLj7bmoE0EkE=
github.com/golang/protobuf v0.0.0-20170512171634-fec3b39b059c/go.mod h1:6lQm79b+lXiMfvg/cZm0SGofjICqVBUtrP5yJMmIC1U=
github.com/jmccann/drone-artifactory v0.0.0-20180906150305-963bc71be971 h1:d+D/r9x/rr2aUa67b6MVDjS0QuY+v5oDvs7/AAjMmzQ=
github.com/jmccann/drone-artifactory v0.0.0-20180906150305-963bc71be971/go.mod h1:S0Zl4aoAnCe40eXB+z1J4wdsg/3BtPrg688NCphDhmE=
github.com/manucorporat/sse v0.0.0-20160126180136-ee05b128a739 h1:ykXz+pRRTibcSjG1yRhpdSHInF8yZY/mfn+Rz2Nd1rE=
github.com/manucorporat/sse v0.0.0-20160126180136-ee05b128a739/go.mod h1:zUx1mhth20V3VKgL5jbd1BSQcW4Fy6Qs4PZvQwRFwzM=
github.com/mattn/go-isatty v0.0.2 h1:F+DnWktyadxnOrohKLNUC9/GjFii5RJgY4GFG6ilggw=
github.com/mattn/go-isatty v0.0.2/go.mod h1:M+lRXTBqGeGNdLjl/ufCoiOlB5xdOkqRJdNxMWT7Zi4=
github.com/urfave/cli v0.0.0-20171104023540-44cb242eeb4d h1:T4mJdMOvTBzNtuucIHwLShkMsCh6ZtT1JMHl4bddX6Q=
github.com/urfave/cli v0.0.0-20171104023540-44cb242eeb4d/go.mod h1:70zkFmudgCuE/ngEzBv17Jvp/497gISqfk5gWijbERA=
golang.org/x/net v0.0.0-20170517171515-513929065c19 h1:TOPcoCWURyGUQXxMClANLf83JAG3WdhCk3QuvG8LZ3E=
golang.org/x/net v0.0.0-20170517171515-513929065c19/go.mod h1:mL1N/T3taQHkDXs73rZJwtUhF3w3ftmwwsq0BUmARs4=
golang.org/x/sys v0.0.0-20170521162143-dbc2be9168a6/go.mod h1:STP8DvDyc/dI5b8T5hshtkjS+E42TnysNCUPdjciGhY=
gopkg.in/go-playground/validator.v8 v8.18.1 h1:F8SLY5Vqesjs1nI1EL4qmF1PQZ1sitsmq0rPYXLyfGU=
gopkg.in/go-playground/validator.v8 v8.18.1/go.mod h1:RX2a/7Ha8BgOhfk7j780h4/u/RRjR0eouCJSH80/M2Y=
gopkg.in/yaml.v2 v2.0.0-20170407172122-cd8b52f8269e h1:o/mfNjxpTLivuKEfxzzwrJ8PmulH2wEp7t713uMwKAA=
gopkg.in/yaml.v2 v2.0.0-20170407172122-cd8b52f8269e/go.mod h1:JAlM8MvJe8wmxCU4Bli9HhUf9+ttbYbLASfIpnQbh74=
